
Microsoft Visual Studio Solution File, Format Version 12.00
# Visual Studio 15
VisualStudioVersion = 15.0.27703.2026
MinimumVisualStudioVersion = 10.0.40219.1
Project("{930C7802-8A8C-48F9-8165-68863BCCD9DD}") = "FairsClient", "FairsClient\FairsClient.wixproj", "{689E2DBF-CAD6-4838-8CD5-1FF601D09D98}"
	ProjectSection(ProjectDependencies) = postProject
		{E4C643A5-5A43-4721-843F-C3AD62CC2F85} = {E4C643A5-5A43-4721-843F-C3AD62CC2F85}
	EndProjectSection
EndProject
Project("{930C7802-8A8C-48F9-8165-68863BCCD9DD}") = "FairsParity", "FairsParity\FairsParity.wixproj", "{E4C643A5-5A43-4721-843F-C3AD62CC2F85}"
EndProject
Global
	GlobalSection(SolutionConfigurationPlatforms) = preSolution
		Debug|x86 = Debug|x86
		Release|x86 = Release|x86
	EndGlobalSection
	GlobalSection(ProjectConfigurationPlatforms) = postSolution
		{689E2DBF-CAD6-4838-8CD5-1FF601D09D98}.Debug|x86.ActiveCfg = Debug|x86
		{689E2DBF-CAD6-4838-8CD5-1FF601D09D98}.Debug|x86.Build.0 = Debug|x86
		{689E2DBF-CAD6-4838-8CD5-1FF601D09D98}.Release|x86.ActiveCfg = Release|x86
		{689E2DBF-CAD6-4838-8CD5-1FF601D09D98}.Release|x86.Build.0 = Release|x86
		{E4C643A5-5A43-4721-843F-C3AD62CC2F85}.Debug|x86.ActiveCfg = Debug|x86
		{E4C643A5-5A43-4721-843F-C3AD62CC2F85}.Debug|x86.Build.0 = Debug|x86
		{E4C643A5-5A43-4721-843F-C3AD62CC2F85}.Release|x86.ActiveCfg = Release|x86
		{E4C643A5-5A43-4721-843F-C3AD62CC2F85}.Release|x86.Build.0 = Release|x86
	EndGlobalSection
	GlobalSection(SolutionProperties) = preSolution
		HideSolutionNode = FALSE
	EndGlobalSection
	GlobalSection(ExtensibilityGlobals) = postSolution
		SolutionGuid = {C8ABED9E-EB44-442D-9AEB-7D9BA4E15133}
	EndGlobalSection
EndGlobal
